<?xml version="1.0" encoding="UTF-8" standalone="yes" ?>
<CodeBlocks_project_file>
	<FileVersion major="1" minor="6" />
	<Project>
		<Option title="matlib" />
		<Option pch_mode="2" />
		<Option compiler="gcc" />
		<Build>
			<Target title="Debug">
				<Option output="bin/Debug/matlib" prefix_auto="1" extension_auto="1" />
				<Option object_output="obj/Debug/" />
				<Option type="1" />
				<Option compiler="gcc" />
				<Compiler>
					<Add option="-g" />
				</Compiler>
			</Target>
			<Target title="Release">
				<Option output="bin/Release/matlib" prefix_auto="1" extension_auto="1" />
				<Option object_output="obj/Release/" />
				<Option type="1" />
				<Option compiler="gcc" />
				<Compiler>
					<Add option="-O2" />
				</Compiler>
				<Linker>
					<Add option="-s" />
				</Linker>
			</Target>
		</Build>
		<Compiler>
			<Add option="-Wall" />
			<Add option="-fexceptions" />
		</Compiler>
		<Unit filename="../ComplexMatrix/ComplexMatrix.cpp" />
		<Unit filename="../ComplexMatrix/ComplexMatrix.h" />
		<Unit filename="../DoubleComparisons/DoubleComparisons.cpp" />
		<Unit filename="../DoubleComparisons/DoubleComparisons.h" />
		<Unit filename="../DoubleComparisons/m.cpp" />
		<Unit filename="../MyString/MyString.cpp" />
		<Unit filename="../MyString/MyString.h" />
		<Unit filename="../RealMatrix/RealMatrix.cpp" />
		<Unit filename="../RealMatrix/RealMatrix.h" />
		<Unit filename="../StringMatrix/StringMatrix.cpp" />
		<Unit filename="../StringMatrix/StringMatrix.h" />
		<Unit filename="../UtilitiesRepository/Set.cpp" />
		<Unit filename="../UtilitiesRepository/SortedMap.cpp" />
		<Unit filename="../UtilitiesRepository/SortedVector.cpp" />
		<Unit filename="../UtilitiesRepository/useSet.cpp" />
		<Unit filename="../common_data/common_data.h" />
		<Unit filename="../common_data/vector.h" />
		<Unit filename="../complex/complex.cpp" />
		<Unit filename="../complex/complex.h" />
		<Unit filename="../integrate/Integrate.cpp" />
		<Unit filename="../integrate/Integrate.h" />
		<Unit filename="../matlib.cpp" />
		<Unit filename="../real/real.cpp" />
		<Unit filename="../real/real.h" />
		<Unit filename="../test/m.cpp" />
		<Unit filename="../test_console.cpp" />
		<Unit filename="main.cpp" />
		<Extensions>
			<code_completion />
			<envvars />
			<debugger />
			<lib_finder disable_auto="1" />
		</Extensions>
	</Project>
</CodeBlocks_project_file>
